
Microsoft Visual Studio Solution File, Format Version 12.00
# Visual Studio Version 17
VisualStudioVersion = 17.14.36603.0 d17.14
MinimumVisualStudioVersion = 10.0.40219.1
Project("{FAE04EC0-301F-11D3-BF4B-00C04F79EFBC}") = "UIThongKe", "UIThongKe.csproj", "{14FC080E-7B1D-442B-91F6-ABDB63F95BCC}"
EndProject
Global
	GlobalSection(SolutionConfigurationPlatforms) = preSolution
		Debug|Any CPU = Debug|Any CPU
		Release|Any CPU = Release|Any CPU
	EndGlobalSection
	GlobalSection(ProjectConfigurationPlatforms) = postSolution
		{14FC080E-7B1D-442B-91F6-ABDB63F95BCC}.Debug|Any CPU.ActiveCfg = Debug|Any CPU
		{14FC080E-7B1D-442B-91F6-ABDB63F95BCC}.Debug|Any CPU.Build.0 = Debug|Any CPU
		{14FC080E-7B1D-442B-91F6-ABDB63F95BCC}.Release|Any CPU.ActiveCfg = Release|Any CPU
		{14FC080E-7B1D-442B-91F6-ABDB63F95BCC}.Release|Any CPU.Build.0 = Release|Any CPU
	EndGlobalSection
	GlobalSection(SolutionProperties) = preSolution
		HideSolutionNode = FALSE
	EndGlobalSection
	GlobalSection(ExtensibilityGlobals) = postSolution
		SolutionGuid = {342566F2-EDB6-43C4-906C-F51D48DB2ADD}
	EndGlobalSection
EndGlobal
